
Microsoft Visual Studio Solution File, Format Version 12.00
# Visual Studio 15
VisualStudioVersion = 15.0.27130.2020
MinimumVisualStudioVersion = 10.0.40219.1
Project("{9A19103F-16F7-4668-BE54-9A1E7A4F7556}") = "LuckySpin", "LuckySpin\LuckySpin.csproj", "{F2B3E2C1-335B-4E4A-8A29-349A3168548B}"
EndProject
Project("{FAE04EC0-301F-11D3-BF4B-00C04F79EFBC}") = "LuckySpin.Tests", "LuckySpin.Tests\LuckySpin.Tests.csproj", "{AB7AD29D-908E-407E-B72B-CD0DF43A57C5}"
EndProject
Global
	GlobalSection(SolutionConfigurationPlatforms) = preSolution
		Debug|Any CPU = Debug|Any CPU
		Debug|x64 = Debug|x64
		Debug|x86 = Debug|x86
		Release|Any CPU = Release|Any CPU
		Release|x64 = Release|x64
		Release|x86 = Release|x86
	EndGlobalSection
	GlobalSection(ProjectConfigurationPlatforms) = postSolution
		{F2B3E2C1-335B-4E4A-8A29-349A3168548B}.Debug|Any CPU.ActiveCfg = Debug|Any CPU
		{F2B3E2C1-335B-4E4A-8A29-349A3168548B}.Debug|Any CPU.Build.0 = Debug|Any CPU
		{F2B3E2C1-335B-4E4A-8A29-349A3168548B}.Debug|x64.ActiveCfg = Debug|Any CPU
		{F2B3E2C1-335B-4E4A-8A29-349A3168548B}.Debug|x64.Build.0 = Debug|Any CPU
		{F2B3E2C1-335B-4E4A-8A29-349A3168548B}.Debug|x86.ActiveCfg = Debug|Any CPU
		{F2B3E2C1-335B-4E4A-8A29-349A3168548B}.Debug|x86.Build.0 = Debug|Any CPU
		{F2B3E2C1-335B-4E4A-8A29-349A3168548B}.Release|Any CPU.ActiveCfg = Release|Any CPU
		{F2B3E2C1-335B-4E4A-8A29-349A3168548B}.Release|Any CPU.Build.0 = Release|Any CPU
		{F2B3E2C1-335B-4E4A-8A29-349A3168548B}.Release|x64.ActiveCfg = Release|Any CPU
		{F2B3E2C1-335B-4E4A-8A29-349A3168548B}.Release|x64.Build.0 = Release|Any CPU
		{F2B3E2C1-335B-4E4A-8A29-349A3168548B}.Release|x86.ActiveCfg = Release|Any CPU
		{F2B3E2C1-335B-4E4A-8A29-349A3168548B}.Release|x86.Build.0 = Release|Any CPU
		{AB7AD29D-908E-407E-B72B-CD0DF43A57C5}.Debug|Any CPU.ActiveCfg = Debug|Any CPU
		{AB7AD29D-908E-407E-B72B-CD0DF43A57C5}.Debug|Any CPU.Build.0 = Debug|Any CPU
		{AB7AD29D-908E-407E-B72B-CD0DF43A57C5}.Debug|x64.ActiveCfg = Debug|Any CPU
		{AB7AD29D-908E-407E-B72B-CD0DF43A57C5}.Debug|x64.Build.0 = Debug|Any CPU
		{AB7AD29D-908E-407E-B72B-CD0DF43A57C5}.Debug|x86.ActiveCfg = Debug|Any CPU
		{AB7AD29D-908E-407E-B72B-CD0DF43A57C5}.Debug|x86.Build.0 = Debug|Any CPU
		{AB7AD29D-908E-407E-B72B-CD0DF43A57C5}.Release|Any CPU.ActiveCfg = Release|Any CPU
		{AB7AD29D-908E-407E-B72B-CD0DF43A57C5}.Release|Any CPU.Build.0 = Release|Any CPU
		{AB7AD29D-908E-407E-B72B-CD0DF43A57C5}.Release|x64.ActiveCfg = Release|Any CPU
		{AB7AD29D-908E-407E-B72B-CD0DF43A57C5}.Release|x64.Build.0 = Release|Any CPU
		{AB7AD29D-908E-407E-B72B-CD0DF43A57C5}.Release|x86.ActiveCfg = Release|Any CPU
		{AB7AD29D-908E-407E-B72B-CD0DF43A57C5}.Release|x86.Build.0 = Release|Any CPU
	EndGlobalSection
	GlobalSection(SolutionProperties) = preSolution
		HideSolutionNode = FALSE
	EndGlobalSection
	GlobalSection(ExtensibilityGlobals) = postSolution
		SolutionGuid = {99010CB7-05BF-4A72-BD74-C9F40F4ABAA4}
	EndGlobalSection
EndGlobal
